# This file was autogenerated by Stack.
# You should not edit this file by hand.
# For more information, please see the documentation at:
#   https://docs.haskellstack.org/en/stable/topics/lock_files

packages:
- completed:
    hackage: h-raylib-5.5.2.1@sha256:b6568e457636105e401d2e0311827fc63eb9d3669b5dcd8f0dec9b17b03e13cd,8745
    pantry-tree:
      sha256: c9612a94c823c0a2df643f48e554676d3baf12676baacd909215f0a38803bc96
      size: 31238
  original:
    hackage: h-raylib-5.5.2.1
- completed:
    hackage: linear-1.23.1@sha256:7860135b09259c3c1fdd0396c67f85a4a84963427fbb67d72211037e77d01c39,4281
    pantry-tree:
      sha256: afcec206f80db7c3e6634d203d5fb80900ca8a7478e22044601b795a292b5f97
      size: 2171
  original:
    hackage: linear-1.23.1
snapshots:
- completed:
    sha256: 400dfb2174640dd2f9f2ba7cbf9148699f2380ab64faa46f4be298a5d6205316
    size: 684057
    url: https://raw.githubusercontent.com/commercialhaskell/stackage-snapshots/master/lts/23/24.yaml
  original:
    url: https://raw.githubusercontent.com/commercialhaskell/stackage-snapshots/master/lts/23/24.yaml
